
Microsoft Visual Studio Solution File, Format Version 12.00
# Visual Studio Version 17
VisualStudioVersion = 17.10.35027.167
MinimumVisualStudioVersion = 10.0.40219.1
Project("{9A19103F-16F7-4668-BE54-9A1E7A4F7556}") = "LibraryManagementSystem", "LibraryManagementSystem.csproj", "{1FB4A15D-C85E-4E1B-B477-E26B72767086}"
EndProject
Global
	GlobalSection(SolutionConfigurationPlatforms) = preSolution
		Debug|Any CPU = Debug|Any CPU
		Release|Any CPU = Release|Any CPU
	EndGlobalSection
	GlobalSection(ProjectConfigurationPlatforms) = postSolution
		{1FB4A15D-C85E-4E1B-B477-E26B72767086}.Debug|Any CPU.ActiveCfg = Debug|Any CPU
		{1FB4A15D-C85E-4E1B-B477-E26B72767086}.Debug|Any CPU.Build.0 = Debug|Any CPU
		{1FB4A15D-C85E-4E1B-B477-E26B72767086}.Release|Any CPU.ActiveCfg = Release|Any CPU
		{1FB4A15D-C85E-4E1B-B477-E26B72767086}.Release|Any CPU.Build.0 = Release|Any CPU
	EndGlobalSection
	GlobalSection(SolutionProperties) = preSolution
		HideSolutionNode = FALSE
	EndGlobalSection
	GlobalSection(ExtensibilityGlobals) = postSolution
		SolutionGuid = {B3831B93-0C34-462F-93F1-FA14F5CFF36A}
	EndGlobalSection
EndGlobal
